
Microsoft Visual Studio Solution File, Format Version 12.00
# Visual Studio Version 17
VisualStudioVersion = 17.7.34031.279
MinimumVisualStudioVersion = 10.0.40219.1
Project("{FAE04EC0-301F-11D3-BF4B-00C04F79EFBC}") = "ChinaTest", "ChinaTest\ChinaTest.csproj", "{BCFD23BD-6F54-4B7B-A58B-AD3C6E65EF13}"
EndProject
Global
	GlobalSection(SolutionConfigurationPlatforms) = preSolution
		Debug|Any CPU = Debug|Any CPU
		Release|Any CPU = Release|Any CPU
	EndGlobalSection
	GlobalSection(ProjectConfigurationPlatforms) = postSolution
		{BCFD23BD-6F54-4B7B-A58B-AD3C6E65EF13}.Debug|Any CPU.ActiveCfg = Debug|Any CPU
		{BCFD23BD-6F54-4B7B-A58B-AD3C6E65EF13}.Debug|Any CPU.Build.0 = Debug|Any CPU
		{BCFD23BD-6F54-4B7B-A58B-AD3C6E65EF13}.Release|Any CPU.ActiveCfg = Release|Any CPU
		{BCFD23BD-6F54-4B7B-A58B-AD3C6E65EF13}.Release|Any CPU.Build.0 = Release|Any CPU
	EndGlobalSection
	GlobalSection(SolutionProperties) = preSolution
		HideSolutionNode = FALSE
	EndGlobalSection
	GlobalSection(ExtensibilityGlobals) = postSolution
		SolutionGuid = {39EF8F48-0AE5-41AE-9588-F30991CCEC8A}
	EndGlobalSection
EndGlobal
